
Microsoft Visual Studio Solution File, Format Version 12.00
# Visual Studio Version 17
VisualStudioVersion = 17.10.35122.118
MinimumVisualStudioVersion = 10.0.40219.1
Project("{FAE04EC0-301F-11D3-BF4B-00C04F79EFBC}") = "login-with-google-api", "login-with-google-api\login-with-google-api.csproj", "{C7274EF4-4F00-4C24-9C9C-976061C2603C}"
EndProject
Global
	GlobalSection(SolutionConfigurationPlatforms) = preSolution
		Debug|Any CPU = Debug|Any CPU
		Release|Any CPU = Release|Any CPU
	EndGlobalSection
	GlobalSection(ProjectConfigurationPlatforms) = postSolution
		{C7274EF4-4F00-4C24-9C9C-976061C2603C}.Debug|Any CPU.ActiveCfg = Debug|Any CPU
		{C7274EF4-4F00-4C24-9C9C-976061C2603C}.Debug|Any CPU.Build.0 = Debug|Any CPU
		{C7274EF4-4F00-4C24-9C9C-976061C2603C}.Release|Any CPU.ActiveCfg = Release|Any CPU
		{C7274EF4-4F00-4C24-9C9C-976061C2603C}.Release|Any CPU.Build.0 = Release|Any CPU
	EndGlobalSection
	GlobalSection(SolutionProperties) = preSolution
		HideSolutionNode = FALSE
	EndGlobalSection
	GlobalSection(ExtensibilityGlobals) = postSolution
		SolutionGuid = {0EA2178E-910E-47DF-A664-8E52FC644B60}
	EndGlobalSection
EndGlobal
